
Microsoft Visual Studio Solution File, Format Version 12.00
# Visual Studio 2015
Project("{FAE04EC0-301F-11D3-BF4B-00C04F79EFBC}") = "Tower Defence Offence", "Tower Defence Offence.csproj", "{8960617E-8FA3-DF89-7EA3-21541B649B9B}"
EndProject
Global
	GlobalSection(SolutionConfigurationPlatforms) = preSolution
		Debug|Any CPU = Debug|Any CPU
		Release|Any CPU = Release|Any CPU
	EndGlobalSection
	GlobalSection(ProjectConfigurationPlatforms) = postSolution
		{8960617E-8FA3-DF89-7EA3-21541B649B9B}.Debug|Any CPU.ActiveCfg = Debug|Any CPU
		{8960617E-8FA3-DF89-7EA3-21541B649B9B}.Debug|Any CPU.Build.0 = Debug|Any CPU
		{8960617E-8FA3-DF89-7EA3-21541B649B9B}.Release|Any CPU.ActiveCfg = Release|Any CPU
		{8960617E-8FA3-DF89-7EA3-21541B649B9B}.Release|Any CPU.Build.0 = Release|Any CPU
	EndGlobalSection
	GlobalSection(SolutionProperties) = preSolution
		HideSolutionNode = FALSE
	EndGlobalSection
EndGlobal
